// !$*UTF8*$!
{
	archiveVersion = 1;
	classes = {
	};
	objectVersion = 48;
	objects = {

/* Begin PBXBuildFile section */
		F600EADD203ADC3600E7AB93 /* AppUtility.swift in Sources */ = {isa = PBXBuildFile; fileRef = F600EADC203ADC3600E7AB93 /* AppUtility.swift */; };
		F601058D2035C601004D8431 /* NetworkSessionSpy.swift in Sources */ = {isa = PBXBuildFile; fileRef = F601058C2035C601004D8431 /* NetworkSessionSpy.swift */; };
		F60105932035E39E004D8431 /* CheckUpdateModel.swift in Sources */ = {isa = PBXBuildFile; fileRef = F60105922035E39E004D8431 /* CheckUpdateModel.swift */; };
		F60105952035E677004D8431 /* CheckUpdateResource.swift in Sources */ = {isa = PBXBuildFile; fileRef = F60105942035E677004D8431 /* CheckUpdateResource.swift */; };
		F602F77F2017563E00B7487A /* CheckUpdateInteractorTests.swift in Sources */ = {isa = PBXBuildFile; fileRef = F602F77E2017563E00B7487A /* CheckUpdateInteractorTests.swift */; };
		F602F7812017596100B7487A /* CheckUpdateInteractor.swift in Sources */ = {isa = PBXBuildFile; fileRef = F602F7802017596100B7487A /* CheckUpdateInteractor.swift */; };
		F602F7852017609F00B7487A /* DownloadUpdateInteractor.swift in Sources */ = {isa = PBXBuildFile; fileRef = F602F7842017609F00B7487A /* DownloadUpdateInteractor.swift */; };
		F60541D42178848C00DA16F6 /* FeedbackEnabledRequest.swift in Sources */ = {isa = PBXBuildFile; fileRef = F60541D32178848C00DA16F6 /* FeedbackEnabledRequest.swift */; };
		F60541D62178849A00DA16F6 /* FeedbackEnabledResource.swift in Sources */ = {isa = PBXBuildFile; fileRef = F60541D52178849A00DA16F6 /* FeedbackEnabledResource.swift */; };
		F60541D82178863E00DA16F6 /* FeedbackEnabledModel.swift in Sources */ = {isa = PBXBuildFile; fileRef = F60541D72178863E00DA16F6 /* FeedbackEnabledModel.swift */; };
		F60541DA2178879100DA16F6 /* FeedbackEnabledRequestTests.swift in Sources */ = {isa = PBXBuildFile; fileRef = F60541D92178879100DA16F6 /* FeedbackEnabledRequestTests.swift */; };
		F60541DC21788A8200DA16F6 /* CheckFeedbackEnabledInteractor.swift in Sources */ = {isa = PBXBuildFile; fileRef = F60541DB21788A8200DA16F6 /* CheckFeedbackEnabledInteractor.swift */; };
		F61B90BC207F46F4006593AA /* UserEmailInteractor.swift in Sources */ = {isa = PBXBuildFile; fileRef = F61B90BB207F46F4006593AA /* UserEmailInteractor.swift */; };
		F61B90BE207F495D006593AA /* ShowFeedbackStatusInteractor.swift in Sources */ = {isa = PBXBuildFile; fileRef = F61B90BD207F495D006593AA /* ShowFeedbackStatusInteractor.swift */; };
		F61B90C2207F560F006593AA /* ShowFeedbackStatusInteractorSpy.swift in Sources */ = {isa = PBXBuildFile; fileRef = F61B90C1207F560F006593AA /* ShowFeedbackStatusInteractorSpy.swift */; };
		F6292025203D7FE700EB694C /* DisplayAlertInteractorSpy.swift in Sources */ = {isa = PBXBuildFile; fileRef = F6292024203D7FE700EB694C /* DisplayAlertInteractorSpy.swift */; };
		F6292027203D805400EB694C /* DisplayAlertInteractorTests.swift in Sources */ = {isa = PBXBuildFile; fileRef = F6292026203D805400EB694C /* DisplayAlertInteractorTests.swift */; };
		F6292029203D874200EB694C /* DisplayAlertInteractorInputSpy.swift in Sources */ = {isa = PBXBuildFile; fileRef = F6292028203D874200EB694C /* DisplayAlertInteractorInputSpy.swift */; };
		F6344A3021A58989008346AD /* CheckFeedbackEnabledInteractorSpy.swift in Sources */ = {isa = PBXBuildFile; fileRef = F6344A2F21A58989008346AD /* CheckFeedbackEnabledInteractorSpy.swift */; };
		F63564CF212FF60C0094200E /* URLRequest+logMessage.swift in Sources */ = {isa = PBXBuildFile; fileRef = F63564CE212FF60C0094200E /* URLRequest+logMessage.swift */; };
		F63B136A2073946400A96C0A /* FeedbackManager.swift in Sources */ = {isa = PBXBuildFile; fileRef = F63B13692073946400A96C0A /* FeedbackManager.swift */; };
		F63B136C20739C5A00A96C0A /* TakeScreenshotInteractor.swift in Sources */ = {isa = PBXBuildFile; fileRef = F63B136B20739C5A00A96C0A /* TakeScreenshotInteractor.swift */; };
		F63B13702073AF9300A96C0A /* TriggerFeedbackInteractor.swift in Sources */ = {isa = PBXBuildFile; fileRef = F63B136F2073AF9300A96C0A /* TriggerFeedbackInteractor.swift */; };
		F644BD19207C8E8B003126F1 /* SendFeedbackInteractor.swift in Sources */ = {isa = PBXBuildFile; fileRef = F644BD18207C8E8B003126F1 /* SendFeedbackInteractor.swift */; };
		F644BD1C207C915B003126F1 /* SendFeedbackRequest.swift in Sources */ = {isa = PBXBuildFile; fileRef = F644BD1B207C915B003126F1 /* SendFeedbackRequest.swift */; };
		F644BD1E207C9169003126F1 /* SendFeedbackResource.swift in Sources */ = {isa = PBXBuildFile; fileRef = F644BD1D207C9169003126F1 /* SendFeedbackResource.swift */; };
		F644BD20207C9233003126F1 /* SendFeedbackModel.swift in Sources */ = {isa = PBXBuildFile; fileRef = F644BD1F207C9233003126F1 /* SendFeedbackModel.swift */; };
		F644BD22207CC6EC003126F1 /* FeedbackPresenterSpy.swift in Sources */ = {isa = PBXBuildFile; fileRef = F644BD21207CC6EC003126F1 /* FeedbackPresenterSpy.swift */; };
		F644BD24207CCE02003126F1 /* TakeScreenshotInteractorSpy.swift in Sources */ = {isa = PBXBuildFile; fileRef = F644BD23207CCE02003126F1 /* TakeScreenshotInteractorSpy.swift */; };
		F644BD27207CD084003126F1 /* FeedbackPresenterTests.swift in Sources */ = {isa = PBXBuildFile; fileRef = F644BD26207CD084003126F1 /* FeedbackPresenterTests.swift */; };
		F644BD2A207CD35E003126F1 /* FeedbackViewControllerTests.swift in Sources */ = {isa = PBXBuildFile; fileRef = F644BD29207CD35E003126F1 /* FeedbackViewControllerTests.swift */; };
		F644BD2C207CD5D3003126F1 /* FeedbackViewControllerSpy.swift in Sources */ = {isa = PBXBuildFile; fileRef = F644BD2B207CD5D3003126F1 /* FeedbackViewControllerSpy.swift */; };
		F6587AB920346ABB00B1A87F /* UpdateModelTests.swift in Sources */ = {isa = PBXBuildFile; fileRef = F6587AB820346ABB00B1A87F /* UpdateModelTests.swift */; };
		F65964C6212ACA39008B84AE /* FeedbackSendFailureView.swift in Sources */ = {isa = PBXBuildFile; fileRef = F65964C5212ACA39008B84AE /* FeedbackSendFailureView.swift */; };
		F65964C8212ACA48008B84AE /* FeedbackSendFailureView.xib in Resources */ = {isa = PBXBuildFile; fileRef = F65964C7212ACA48008B84AE /* FeedbackSendFailureView.xib */; };
		F65964EF212ADE31008B84AE /* FeedbackSendProgressView.swift in Sources */ = {isa = PBXBuildFile; fileRef = F65964EE212ADE31008B84AE /* FeedbackSendProgressView.swift */; };
		F65964F1212ADE3F008B84AE /* FeedbackSendProgressView.xib in Resources */ = {isa = PBXBuildFile; fileRef = F65964F0212ADE3F008B84AE /* FeedbackSendProgressView.xib */; };
		F65A33F820F61BDD0061E899 /* LoadFontsInteractorSpy.swift in Sources */ = {isa = PBXBuildFile; fileRef = F65A33F720F61BDD0061E899 /* LoadFontsInteractorSpy.swift */; };
		F6605E2C20F4C14F00F2B8A5 /* LoadFontsInteractor.swift in Sources */ = {isa = PBXBuildFile; fileRef = F6605E2B20F4C14F00F2B8A5 /* LoadFontsInteractor.swift */; };
		F6632BF6203573970098FA77 /* NetworkSession.swift in Sources */ = {isa = PBXBuildFile; fileRef = F6632BF5203573970098FA77 /* NetworkSession.swift */; };
		F664809E212C396100C32B43 /* Logger.swift in Sources */ = {isa = PBXBuildFile; fileRef = F664809D212C396100C32B43 /* Logger.swift */; };
		F67B09352051634700FE4B1C /* CheckUpdateRequest.swift in Sources */ = {isa = PBXBuildFile; fileRef = F67B09342051634700FE4B1C /* CheckUpdateRequest.swift */; };
		F67B09372051639400FE4B1C /* UpdateUrlRequest.swift in Sources */ = {isa = PBXBuildFile; fileRef = F67B09362051639400FE4B1C /* UpdateUrlRequest.swift */; };
		F67B495C207B601400272C09 /* FeedbackPresenter.swift in Sources */ = {isa = PBXBuildFile; fileRef = F67B495B207B601400272C09 /* FeedbackPresenter.swift */; };
		F68088DA20188C0E008DE368 /* CheckUpdateInteractorOutputSpy.swift in Sources */ = {isa = PBXBuildFile; fileRef = F68088D920188C0E008DE368 /* CheckUpdateInteractorOutputSpy.swift */; };
		F68088E12018B0D8008DE368 /* URLOpener.swift in Sources */ = {isa = PBXBuildFile; fileRef = F68088E02018B0D8008DE368 /* URLOpener.swift */; };
		F68088E62018B3A3008DE368 /* UIApplicationSpy.swift in Sources */ = {isa = PBXBuildFile; fileRef = F68088E52018B3A3008DE368 /* UIApplicationSpy.swift */; };
		F68088EA2018B521008DE368 /* DownloadUpdateInteractorTests.swift in Sources */ = {isa = PBXBuildFile; fileRef = F68088E92018B521008DE368 /* DownloadUpdateInteractorTests.swift */; };
		F68088EC2018B6B1008DE368 /* DownloadUpdateInteractorOutputSpy.swift in Sources */ = {isa = PBXBuildFile; fileRef = F68088EB2018B6B1008DE368 /* DownloadUpdateInteractorOutputSpy.swift */; };
		F68088EE2018C208008DE368 /* DownloadUpdateInteractorInputSpy.swift in Sources */ = {isa = PBXBuildFile; fileRef = F68088ED2018C208008DE368 /* DownloadUpdateInteractorInputSpy.swift */; };
		F68088F32018DA4C008DE368 /* NetworkRequest.swift in Sources */ = {isa = PBXBuildFile; fileRef = F68088F22018DA4C008DE368 /* NetworkRequest.swift */; };
		F6A79D71207E116C00C2AFC2 /* UIDevice+ModelName.swift in Sources */ = {isa = PBXBuildFile; fileRef = F6A79D70207E116C00C2AFC2 /* UIDevice+ModelName.swift */; };
		F6A79D77207E4F8D00C2AFC2 /* FeedbackModel.swift in Sources */ = {isa = PBXBuildFile; fileRef = F6A79D76207E4F8D00C2AFC2 /* FeedbackModel.swift */; };
		F6B558B0202061D7006ADB14 /* ApiResource.swift in Sources */ = {isa = PBXBuildFile; fileRef = F6B558AF202061D7006ADB14 /* ApiResource.swift */; };
		F6B558B2202061FE006ADB14 /* UpdateUrlResource.swift in Sources */ = {isa = PBXBuildFile; fileRef = F6B558B1202061FE006ADB14 /* UpdateUrlResource.swift */; };
		F6B558B420206240006ADB14 /* UpdateUrlModel.swift in Sources */ = {isa = PBXBuildFile; fileRef = F6B558B320206240006ADB14 /* UpdateUrlModel.swift */; };
		F6C47A3E2129559600F551CE /* String+localized.swift in Sources */ = {isa = PBXBuildFile; fileRef = F6C47A3D2129559600F551CE /* String+localized.swift */; };
		F6C47A5B2129593800F551CE /* Localizable.strings in Resources */ = {isa = PBXBuildFile; fileRef = F6C47A5D2129593800F551CE /* Localizable.strings */; };
		F6C5B7972074CA740034B38D /* FeedbackManagerSpy.swift in Sources */ = {isa = PBXBuildFile; fileRef = F6C5B7962074CA740034B38D /* FeedbackManagerSpy.swift */; };
		F6C5B7992074CC980034B38D /* FeedbackManagerTests.swift in Sources */ = {isa = PBXBuildFile; fileRef = F6C5B7982074CC980034B38D /* FeedbackManagerTests.swift */; };
		F6C5B79B2074CDCE0034B38D /* TriggerFeedbackInteractorSpy.swift in Sources */ = {isa = PBXBuildFile; fileRef = F6C5B79A2074CDCE0034B38D /* TriggerFeedbackInteractorSpy.swift */; };
		F6C5B79D2074CF4C0034B38D /* TriggerFeedbackInteractorTests.swift in Sources */ = {isa = PBXBuildFile; fileRef = F6C5B79C2074CF4C0034B38D /* TriggerFeedbackInteractorTests.swift */; };
		F6D03F14203AC29E003FE65B /* ApiSessionManager.swift in Sources */ = {isa = PBXBuildFile; fileRef = F6D03F13203AC29E003FE65B /* ApiSessionManager.swift */; };
		F6D03F16203AC58B003FE65B /* Settings.swift in Sources */ = {isa = PBXBuildFile; fileRef = F6D03F15203AC58B003FE65B /* Settings.swift */; };
		F6D36FAD203C3C9300B0643E /* DisplayAlertInteractor.swift in Sources */ = {isa = PBXBuildFile; fileRef = F6D36FAC203C3C9300B0643E /* DisplayAlertInteractor.swift */; };
		F6D641AF20F49DDB003AA01D /* FeedbackSendViewController.swift in Sources */ = {isa = PBXBuildFile; fileRef = F6D6419920F49DDA003AA01D /* FeedbackSendViewController.swift */; };
		F6D641B020F49DDB003AA01D /* FeedbackSendViewController.xib in Resources */ = {isa = PBXBuildFile; fileRef = F6D6419A20F49DDA003AA01D /* FeedbackSendViewController.xib */; };
		F6D641B120F49DDB003AA01D /* FeedbackDescriptionTextView.swift in Sources */ = {isa = PBXBuildFile; fileRef = F6D6419C20F49DDA003AA01D /* FeedbackDescriptionTextView.swift */; };
		F6D641B220F49DDB003AA01D /* FeedbackEmailTextField.swift in Sources */ = {isa = PBXBuildFile; fileRef = F6D6419D20F49DDA003AA01D /* FeedbackEmailTextField.swift */; };
		F6D641B320F49DDB003AA01D /* FeedbackDescriptionViewController.swift in Sources */ = {isa = PBXBuildFile; fileRef = F6D6419E20F49DDA003AA01D /* FeedbackDescriptionViewController.swift */; };
		F6D641B420F49DDB003AA01D /* FeedbackDescriptionViewController.xib in Resources */ = {isa = PBXBuildFile; fileRef = F6D6419F20F49DDA003AA01D /* FeedbackDescriptionViewController.xib */; };
		F6D641B520F49DDB003AA01D /* FeedbackViewController.xib in Resources */ = {isa = PBXBuildFile; fileRef = F6D641A020F49DDA003AA01D /* FeedbackViewController.xib */; };
		F6D641B620F49DDB003AA01D /* FeedbackViewController.swift in Sources */ = {isa = PBXBuildFile; fileRef = F6D641A120F49DDB003AA01D /* FeedbackViewController.swift */; };
		F6D641B720F49DDB003AA01D /* FeedbackPaintViewController.swift in Sources */ = {isa = PBXBuildFile; fileRef = F6D641A320F49DDB003AA01D /* FeedbackPaintViewController.swift */; };
		F6D641B820F49DDB003AA01D /* FeedbackPaintViewController.xib in Resources */ = {isa = PBXBuildFile; fileRef = F6D641A420F49DDB003AA01D /* FeedbackPaintViewController.xib */; };
		F6D641B920F49DDB003AA01D /* DrawView.swift in Sources */ = {isa = PBXBuildFile; fileRef = F6D641A620F49DDB003AA01D /* DrawView.swift */; };
		F6D641BA20F49DDB003AA01D /* DimView.swift in Sources */ = {isa = PBXBuildFile; fileRef = F6D641A720F49DDB003AA01D /* DimView.swift */; };
		F6D641BB20F49DDB003AA01D /* DrawViewController.swift in Sources */ = {isa = PBXBuildFile; fileRef = F6D641A820F49DDB003AA01D /* DrawViewController.swift */; };
		F6D641BC20F49DDB003AA01D /* DrawViewController.xib in Resources */ = {isa = PBXBuildFile; fileRef = F6D641A920F49DDB003AA01D /* DrawViewController.xib */; };
		F6D641BD20F49DDB003AA01D /* BrushButton.swift in Sources */ = {isa = PBXBuildFile; fileRef = F6D641AB20F49DDB003AA01D /* BrushButton.swift */; };
		F6D641BE20F49DDB003AA01D /* BrushPickerViewController.xib in Resources */ = {isa = PBXBuildFile; fileRef = F6D641AC20F49DDB003AA01D /* BrushPickerViewController.xib */; };
		F6D641BF20F49DDB003AA01D /* BrushPickerViewController.swift in Sources */ = {isa = PBXBuildFile; fileRef = F6D641AD20F49DDB003AA01D /* BrushPickerViewController.swift */; };
		F6D641C020F49DDB003AA01D /* Brush.swift in Sources */ = {isa = PBXBuildFile; fileRef = F6D641AE20F49DDB003AA01D /* Brush.swift */; };
		F6D641C420F49E58003AA01D /* UIFont+Updraft.swift in Sources */ = {isa = PBXBuildFile; fileRef = F6D641C220F49E58003AA01D /* UIFont+Updraft.swift */; };
		F6D641C620F49E58003AA01D /* UIColor+Updraft.swift in Sources */ = {isa = PBXBuildFile; fileRef = F6D641C320F49E58003AA01D /* UIColor+Updraft.swift */; };
		F6D641C920F49E78003AA01D /* UIViewController+add.swift in Sources */ = {isa = PBXBuildFile; fileRef = F6D641C820F49E78003AA01D /* UIViewController+add.swift */; };
		F6D641CE20F49EDE003AA01D /* NavigationButton.swift in Sources */ = {isa = PBXBuildFile; fileRef = F6D641CC20F49EDE003AA01D /* NavigationButton.swift */; };
		F6D641CF20F49EDE003AA01D /* ActionButton.swift in Sources */ = {isa = PBXBuildFile; fileRef = F6D641CD20F49EDE003AA01D /* ActionButton.swift */; };
		F6D641D420F49F30003AA01D /* CreteRound-Regular.ttf in Resources */ = {isa = PBXBuildFile; fileRef = F6D641D220F49F30003AA01D /* CreteRound-Regular.ttf */; };
		F6D641D520F49F30003AA01D /* CreteRound-Italic.ttf in Resources */ = {isa = PBXBuildFile; fileRef = F6D641D320F49F30003AA01D /* CreteRound-Italic.ttf */; };
		F6D641D720F4A87C003AA01D /* Assets.xcassets in Resources */ = {isa = PBXBuildFile; fileRef = F6D641D620F4A87C003AA01D /* Assets.xcassets */; };
		F6D641D920F4AC31003AA01D /* Bundle+updraft.swift in Sources */ = {isa = PBXBuildFile; fileRef = F6D641D820F4AC31003AA01D /* Bundle+updraft.swift */; };
		F6DA9853203B11220002E4D1 /* DateFormatter+updraft.swift in Sources */ = {isa = PBXBuildFile; fileRef = F6DA9852203B11220002E4D1 /* DateFormatter+updraft.swift */; };
		F6E9F55B2056AD0F00206FAE /* CheckUpdateRequestTests.swift in Sources */ = {isa = PBXBuildFile; fileRef = F6E9F55A2056AD0F00206FAE /* CheckUpdateRequestTests.swift */; };
		F6E9F55D2056AD5400206FAE /* NetworkRequestTests.swift in Sources */ = {isa = PBXBuildFile; fileRef = F6E9F55C2056AD5400206FAE /* NetworkRequestTests.swift */; };
		F6E9F55F2056B0D400206FAE /* NetworkRequestSpy.swift in Sources */ = {isa = PBXBuildFile; fileRef = F6E9F55E2056B0D400206FAE /* NetworkRequestSpy.swift */; };
		F6E9F5612056C48900206FAE /* DispatchToMainThread.swift in Sources */ = {isa = PBXBuildFile; fileRef = F6E9F5602056C48900206FAE /* DispatchToMainThread.swift */; };
		F6E9F5632056CC6800206FAE /* UpdateUrlRequestTests.swift in Sources */ = {isa = PBXBuildFile; fileRef = F6E9F5622056CC6800206FAE /* UpdateUrlRequestTests.swift */; };
		F6EDACEE208638FC00FC4F0B /* UIView+stickToView.swift in Sources */ = {isa = PBXBuildFile; fileRef = F6EDACED208638FC00FC4F0B /* UIView+stickToView.swift */; };
		F6F5A67A2015D70D009AFF2B /* Updraft.framework in Frameworks */ = {isa = PBXBuildFile; fileRef = F6F5A6702015D70D009AFF2B /* Updraft.framework */; };
		F6F5A67F2015D70D009AFF2B /* UpdraftTests.swift in Sources */ = {isa = PBXBuildFile; fileRef = F6F5A67E2015D70D009AFF2B /* UpdraftTests.swift */; };
		F6F5A6812015D70D009AFF2B /* Updraft.h in Headers */ = {isa = PBXBuildFile; fileRef = F6F5A6732015D70D009AFF2B /* Updraft.h */; settings = {ATTRIBUTES = (Public, ); }; };
		F6F5A6C82015EEE6009AFF2B /* Updraft.swift in Sources */ = {isa = PBXBuildFile; fileRef = F6F5A6C72015EEE6009AFF2B /* Updraft.swift */; };
		F6F6831920185BCC00EF5CE3 /* AutoUpdateManagerSpy.swift in Sources */ = {isa = PBXBuildFile; fileRef = F6F6831820185BCC00EF5CE3 /* AutoUpdateManagerSpy.swift */; };
		F6F6831B2018853C00EF5CE3 /* CheckUpdateInteractorInputSpy.swift in Sources */ = {isa = PBXBuildFile; fileRef = F6F6831A2018853C00EF5CE3 /* CheckUpdateInteractorInputSpy.swift */; };
		F6FD17BC20160F0E005B9177 /* AutoUpdateManagerTests.swift in Sources */ = {isa = PBXBuildFile; fileRef = F6FD17BB20160F0E005B9177 /* AutoUpdateManagerTests.swift */; };
		F6FD17BF20161445005B9177 /* AutoUpdateManager.swift in Sources */ = {isa = PBXBuildFile; fileRef = F6FD17BE20161445005B9177 /* AutoUpdateManager.swift */; };
/* End PBXBuildFile section */

/* Begin PBXContainerItemProxy section */
		F6F5A67B2015D70D009AFF2B /* PBXContainerItemProxy */ = {
			isa = PBXContainerItemProxy;
			containerPortal = F6F5A6672015D70D009AFF2B /* Project object */;
			proxyType = 1;
			remoteGlobalIDString = F6F5A66F2015D70D009AFF2B;
			remoteInfo = Updraft;
		};
/* End PBXContainerItemProxy section */

/* Begin PBXFileReference section */
		F600EADC203ADC3600E7AB93 /* AppUtility.swift */ = {isa = PBXFileReference; lastKnownFileType = sourcecode.swift; path = AppUtility.swift; sourceTree = "<group>"; };
		F601058C2035C601004D8431 /* NetworkSessionSpy.swift */ = {isa = PBXFileReference; lastKnownFileType = sourcecode.swift; path = NetworkSessionSpy.swift; sourceTree = "<group>"; };
		F60105922035E39E004D8431 /* CheckUpdateModel.swift */ = {isa = PBXFileReference; lastKnownFileType = sourcecode.swift; path = CheckUpdateModel.swift; sourceTree = "<group>"; };
		F60105942035E677004D8431 /* CheckUpdateResource.swift */ = {isa = PBXFileReference; lastKnownFileType = sourcecode.swift; path = CheckUpdateResource.swift; sourceTree = "<group>"; };
		F602F77E2017563E00B7487A /* CheckUpdateInteractorTests.swift */ = {isa = PBXFileReference; lastKnownFileType = sourcecode.swift; path = CheckUpdateInteractorTests.swift; sourceTree = "<group>"; };
		F602F7802017596100B7487A /* CheckUpdateInteractor.swift */ = {isa = PBXFileReference; lastKnownFileType = sourcecode.swift; path = CheckUpdateInteractor.swift; sourceTree = "<group>"; };
		F602F7842017609F00B7487A /* DownloadUpdateInteractor.swift */ = {isa = PBXFileReference; lastKnownFileType = sourcecode.swift; path = DownloadUpdateInteractor.swift; sourceTree = "<group>"; };
		F60541D32178848C00DA16F6 /* FeedbackEnabledRequest.swift */ = {isa = PBXFileReference; lastKnownFileType = sourcecode.swift; path = FeedbackEnabledRequest.swift; sourceTree = "<group>"; };
		F60541D52178849A00DA16F6 /* FeedbackEnabledResource.swift */ = {isa = PBXFileReference; lastKnownFileType = sourcecode.swift; path = FeedbackEnabledResource.swift; sourceTree = "<group>"; };
		F60541D72178863E00DA16F6 /* FeedbackEnabledModel.swift */ = {isa = PBXFileReference; lastKnownFileType = sourcecode.swift; path = FeedbackEnabledModel.swift; sourceTree = "<group>"; };
		F60541D92178879100DA16F6 /* FeedbackEnabledRequestTests.swift */ = {isa = PBXFileReference; lastKnownFileType = sourcecode.swift; path = FeedbackEnabledRequestTests.swift; sourceTree = "<group>"; };
		F60541DB21788A8200DA16F6 /* CheckFeedbackEnabledInteractor.swift */ = {isa = PBXFileReference; lastKnownFileType = sourcecode.swift; path = CheckFeedbackEnabledInteractor.swift; sourceTree = "<group>"; };
		F61B90BB207F46F4006593AA /* UserEmailInteractor.swift */ = {isa = PBXFileReference; lastKnownFileType = sourcecode.swift; path = UserEmailInteractor.swift; sourceTree = "<group>"; };
		F61B90BD207F495D006593AA /* ShowFeedbackStatusInteractor.swift */ = {isa = PBXFileReference; lastKnownFileType = sourcecode.swift; path = ShowFeedbackStatusInteractor.swift; sourceTree = "<group>"; };
		F61B90C1207F560F006593AA /* ShowFeedbackStatusInteractorSpy.swift */ = {isa = PBXFileReference; lastKnownFileType = sourcecode.swift; path = ShowFeedbackStatusInteractorSpy.swift; sourceTree = "<group>"; };
		F6292024203D7FE700EB694C /* DisplayAlertInteractorSpy.swift */ = {isa = PBXFileReference; lastKnownFileType = sourcecode.swift; path = DisplayAlertInteractorSpy.swift; sourceTree = "<group>"; };
		F6292026203D805400EB694C /* DisplayAlertInteractorTests.swift */ = {isa = PBXFileReference; lastKnownFileType = sourcecode.swift; path = DisplayAlertInteractorTests.swift; sourceTree = "<group>"; };
		F6292028203D874200EB694C /* DisplayAlertInteractorInputSpy.swift */ = {isa = PBXFileReference; lastKnownFileType = sourcecode.swift; path = DisplayAlertInteractorInputSpy.swift; sourceTree = "<group>"; };
		F6344A2F21A58989008346AD /* CheckFeedbackEnabledInteractorSpy.swift */ = {isa = PBXFileReference; lastKnownFileType = sourcecode.swift; path = CheckFeedbackEnabledInteractorSpy.swift; sourceTree = "<group>"; };
		F63564CE212FF60C0094200E /* URLRequest+logMessage.swift */ = {isa = PBXFileReference; lastKnownFileType = sourcecode.swift; path = "URLRequest+logMessage.swift"; sourceTree = "<group>"; };
		F636928B204545C50075F080 /* README.md */ = {isa = PBXFileReference; lastKnownFileType = net.daringfireball.markdown; path = README.md; sourceTree = "<group>"; };
		F63B13692073946400A96C0A /* FeedbackManager.swift */ = {isa = PBXFileReference; lastKnownFileType = sourcecode.swift; path = FeedbackManager.swift; sourceTree = "<group>"; };
		F63B136B20739C5A00A96C0A /* TakeScreenshotInteractor.swift */ = {isa = PBXFileReference; lastKnownFileType = sourcecode.swift; path = TakeScreenshotInteractor.swift; sourceTree = "<group>"; };
		F63B136F2073AF9300A96C0A /* TriggerFeedbackInteractor.swift */ = {isa = PBXFileReference; lastKnownFileType = sourcecode.swift; path = TriggerFeedbackInteractor.swift; sourceTree = "<group>"; };
		F644BD18207C8E8B003126F1 /* SendFeedbackInteractor.swift */ = {isa = PBXFileReference; lastKnownFileType = sourcecode.swift; path = SendFeedbackInteractor.swift; sourceTree = "<group>"; };
		F644BD1B207C915B003126F1 /* SendFeedbackRequest.swift */ = {isa = PBXFileReference; lastKnownFileType = sourcecode.swift; path = SendFeedbackRequest.swift; sourceTree = "<group>"; };
		F644BD1D207C9169003126F1 /* SendFeedbackResource.swift */ = {isa = PBXFileReference; lastKnownFileType = sourcecode.swift; path = SendFeedbackResource.swift; sourceTree = "<group>"; };
		F644BD1F207C9233003126F1 /* SendFeedbackModel.swift */ = {isa = PBXFileReference; lastKnownFileType = sourcecode.swift; path = SendFeedbackModel.swift; sourceTree = "<group>"; };
		F644BD21207CC6EC003126F1 /* FeedbackPresenterSpy.swift */ = {isa = PBXFileReference; lastKnownFileType = sourcecode.swift; path = FeedbackPresenterSpy.swift; sourceTree = "<group>"; };
		F644BD23207CCE02003126F1 /* TakeScreenshotInteractorSpy.swift */ = {isa = PBXFileReference; lastKnownFileType = sourcecode.swift; path = TakeScreenshotInteractorSpy.swift; sourceTree = "<group>"; };
		F644BD26207CD084003126F1 /* FeedbackPresenterTests.swift */ = {isa = PBXFileReference; lastKnownFileType = sourcecode.swift; path = FeedbackPresenterTests.swift; sourceTree = "<group>"; };
		F644BD29207CD35E003126F1 /* FeedbackViewControllerTests.swift */ = {isa = PBXFileReference; lastKnownFileType = sourcecode.swift; path = FeedbackViewControllerTests.swift; sourceTree = "<group>"; };
		F644BD2B207CD5D3003126F1 /* FeedbackViewControllerSpy.swift */ = {isa = PBXFileReference; lastKnownFileType = sourcecode.swift; path = FeedbackViewControllerSpy.swift; sourceTree = "<group>"; };
		F6587AB820346ABB00B1A87F /* UpdateModelTests.swift */ = {isa = PBXFileReference; lastKnownFileType = sourcecode.swift; path = UpdateModelTests.swift; sourceTree = "<group>"; };
		F65964C5212ACA39008B84AE /* FeedbackSendFailureView.swift */ = {isa = PBXFileReference; lastKnownFileType = sourcecode.swift; path = FeedbackSendFailureView.swift; sourceTree = "<group>"; };
		F65964C7212ACA48008B84AE /* FeedbackSendFailureView.xib */ = {isa = PBXFileReference; lastKnownFileType = file.xib; path = FeedbackSendFailureView.xib; sourceTree = "<group>"; };
		F65964EE212ADE31008B84AE /* FeedbackSendProgressView.swift */ = {isa = PBXFileReference; lastKnownFileType = sourcecode.swift; path = FeedbackSendProgressView.swift; sourceTree = "<group>"; };
		F65964F0212ADE3F008B84AE /* FeedbackSendProgressView.xib */ = {isa = PBXFileReference; lastKnownFileType = file.xib; path = FeedbackSendProgressView.xib; sourceTree = "<group>"; };
		F65A33F720F61BDD0061E899 /* LoadFontsInteractorSpy.swift */ = {isa = PBXFileReference; lastKnownFileType = sourcecode.swift; path = LoadFontsInteractorSpy.swift; sourceTree = "<group>"; };
		F6605E2B20F4C14F00F2B8A5 /* LoadFontsInteractor.swift */ = {isa = PBXFileReference; lastKnownFileType = sourcecode.swift; path = LoadFontsInteractor.swift; sourceTree = "<group>"; };
		F6632BF5203573970098FA77 /* NetworkSession.swift */ = {isa = PBXFileReference; lastKnownFileType = sourcecode.swift; path = NetworkSession.swift; sourceTree = "<group>"; };
		F664809D212C396100C32B43 /* Logger.swift */ = {isa = PBXFileReference; lastKnownFileType = sourcecode.swift; path = Logger.swift; sourceTree = "<group>"; };
		F67B09342051634700FE4B1C /* CheckUpdateRequest.swift */ = {isa = PBXFileReference; lastKnownFileType = sourcecode.swift; path = CheckUpdateRequest.swift; sourceTree = "<group>"; };
		F67B09362051639400FE4B1C /* UpdateUrlRequest.swift */ = {isa = PBXFileReference; lastKnownFileType = sourcecode.swift; path = UpdateUrlRequest.swift; sourceTree = "<group>"; };
		F67B495B207B601400272C09 /* FeedbackPresenter.swift */ = {isa = PBXFileReference; lastKnownFileType = sourcecode.swift; path = FeedbackPresenter.swift; sourceTree = "<group>"; };
		F68088D920188C0E008DE368 /* CheckUpdateInteractorOutputSpy.swift */ = {isa = PBXFileReference; lastKnownFileType = sourcecode.swift; path = CheckUpdateInteractorOutputSpy.swift; sourceTree = "<group>"; };
		F68088E02018B0D8008DE368 /* URLOpener.swift */ = {isa = PBXFileReference; lastKnownFileType = sourcecode.swift; path = URLOpener.swift; sourceTree = "<group>"; };
		F68088E52018B3A3008DE368 /* UIApplicationSpy.swift */ = {isa = PBXFileReference; lastKnownFileType = sourcecode.swift; path = UIApplicationSpy.swift; sourceTree = "<group>"; };
		F68088E92018B521008DE368 /* DownloadUpdateInteractorTests.swift */ = {isa = PBXFileReference; lastKnownFileType = sourcecode.swift; path = DownloadUpdateInteractorTests.swift; sourceTree = "<group>"; };
		F68088EB2018B6B1008DE368 /* DownloadUpdateInteractorOutputSpy.swift */ = {isa = PBXFileReference; lastKnownFileType = sourcecode.swift; path = DownloadUpdateInteractorOutputSpy.swift; sourceTree = "<group>"; };
		F68088ED2018C208008DE368 /* DownloadUpdateInteractorInputSpy.swift */ = {isa = PBXFileReference; lastKnownFileType = sourcecode.swift; path = DownloadUpdateInteractorInputSpy.swift; sourceTree = "<group>"; };
		F68088F22018DA4C008DE368 /* NetworkRequest.swift */ = {isa = PBXFileReference; lastKnownFileType = sourcecode.swift; path = NetworkRequest.swift; sourceTree = "<group>"; };
		F6A79D70207E116C00C2AFC2 /* UIDevice+ModelName.swift */ = {isa = PBXFileReference; lastKnownFileType = sourcecode.swift; path = "UIDevice+ModelName.swift"; sourceTree = "<group>"; };
		F6A79D76207E4F8D00C2AFC2 /* FeedbackModel.swift */ = {isa = PBXFileReference; lastKnownFileType = sourcecode.swift; path = FeedbackModel.swift; sourceTree = "<group>"; };
		F6B558AF202061D7006ADB14 /* ApiResource.swift */ = {isa = PBXFileReference; lastKnownFileType = sourcecode.swift; path = ApiResource.swift; sourceTree = "<group>"; };
		F6B558B1202061FE006ADB14 /* UpdateUrlResource.swift */ = {isa = PBXFileReference; lastKnownFileType = sourcecode.swift; path = UpdateUrlResource.swift; sourceTree = "<group>"; };
		F6B558B320206240006ADB14 /* UpdateUrlModel.swift */ = {isa = PBXFileReference; lastKnownFileType = sourcecode.swift; path = UpdateUrlModel.swift; sourceTree = "<group>"; };
		F6C47A3D2129559600F551CE /* String+localized.swift */ = {isa = PBXFileReference; lastKnownFileType = sourcecode.swift; path = "String+localized.swift"; sourceTree = "<group>"; };
		F6C47A5C2129593800F551CE /* en */ = {isa = PBXFileReference; lastKnownFileType = text.plist.strings; name = en; path = en.lproj/Localizable.strings; sourceTree = "<group>"; };
		F6C5B7962074CA740034B38D /* FeedbackManagerSpy.swift */ = {isa = PBXFileReference; lastKnownFileType = sourcecode.swift; path = FeedbackManagerSpy.swift; sourceTree = "<group>"; };
		F6C5B7982074CC980034B38D /* FeedbackManagerTests.swift */ = {isa = PBXFileReference; lastKnownFileType = sourcecode.swift; path = FeedbackManagerTests.swift; sourceTree = "<group>"; };
		F6C5B79A2074CDCE0034B38D /* TriggerFeedbackInteractorSpy.swift */ = {isa = PBXFileReference; lastKnownFileType = sourcecode.swift; path = TriggerFeedbackInteractorSpy.swift; sourceTree = "<group>"; };
		F6C5B79C2074CF4C0034B38D /* TriggerFeedbackInteractorTests.swift */ = {isa = PBXFileReference; lastKnownFileType = sourcecode.swift; path = TriggerFeedbackInteractorTests.swift; sourceTree = "<group>"; };
		F6D03F13203AC29E003FE65B /* ApiSessionManager.swift */ = {isa = PBXFileReference; lastKnownFileType = sourcecode.swift; path = ApiSessionManager.swift; sourceTree = "<group>"; };
		F6D03F15203AC58B003FE65B /* Settings.swift */ = {isa = PBXFileReference; lastKnownFileType = sourcecode.swift; path = Settings.swift; sourceTree = "<group>"; };
		F6D36FAC203C3C9300B0643E /* DisplayAlertInteractor.swift */ = {isa = PBXFileReference; lastKnownFileType = sourcecode.swift; path = DisplayAlertInteractor.swift; sourceTree = "<group>"; };
		F6D6419920F49DDA003AA01D /* FeedbackSendViewController.swift */ = {isa = PBXFileReference; fileEncoding = 4; lastKnownFileType = sourcecode.swift; path = FeedbackSendViewController.swift; sourceTree = "<group>"; };
		F6D6419A20F49DDA003AA01D /* FeedbackSendViewController.xib */ = {isa = PBXFileReference; fileEncoding = 4; lastKnownFileType = file.xib; path = FeedbackSendViewController.xib; sourceTree = "<group>"; };
		F6D6419C20F49DDA003AA01D /* FeedbackDescriptionTextView.swift */ = {isa = PBXFileReference; fileEncoding = 4; lastKnownFileType = sourcecode.swift; path = FeedbackDescriptionTextView.swift; sourceTree = "<group>"; };
		F6D6419D20F49DDA003AA01D /* FeedbackEmailTextField.swift */ = {isa = PBXFileReference; fileEncoding = 4; lastKnownFileType = sourcecode.swift; path = FeedbackEmailTextField.swift; sourceTree = "<group>"; };
		F6D6419E20F49DDA003AA01D /* FeedbackDescriptionViewController.swift */ = {isa = PBXFileReference; fileEncoding = 4; lastKnownFileType = sourcecode.swift; path = FeedbackDescriptionViewController.swift; sourceTree = "<group>"; };
		F6D6419F20F49DDA003AA01D /* FeedbackDescriptionViewController.xib */ = {isa = PBXFileReference; fileEncoding = 4; lastKnownFileType = file.xib; path = FeedbackDescriptionViewController.xib; sourceTree = "<group>"; };
		F6D641A020F49DDA003AA01D /* FeedbackViewController.xib */ = {isa = PBXFileReference; fileEncoding = 4; lastKnownFileType = file.xib; path = FeedbackViewController.xib; sourceTree = "<group>"; };
		F6D641A120F49DDB003AA01D /* FeedbackViewController.swift */ = {isa = PBXFileReference; fileEncoding = 4; lastKnownFileType = sourcecode.swift; path = FeedbackViewController.swift; sourceTree = "<group>"; };
		F6D641A320F49DDB003AA01D /* FeedbackPaintViewController.swift */ = {isa = PBXFileReference; fileEncoding = 4; lastKnownFileType = sourcecode.swift; path = FeedbackPaintViewController.swift; sourceTree = "<group>"; };
		F6D641A420F49DDB003AA01D /* FeedbackPaintViewController.xib */ = {isa = PBXFileReference; fileEncoding = 4; lastKnownFileType = file.xib; path = FeedbackPaintViewController.xib; sourceTree = "<group>"; };
		F6D641A620F49DDB003AA01D /* DrawView.swift */ = {isa = PBXFileReference; fileEncoding = 4; lastKnownFileType = sourcecode.swift; path = DrawView.swift; sourceTree = "<group>"; };
		F6D641A720F49DDB003AA01D /* DimView.swift */ = {isa = PBXFileReference; fileEncoding = 4; lastKnownFileType = sourcecode.swift; path = DimView.swift; sourceTree = "<group>"; };
		F6D641A820F49DDB003AA01D /* DrawViewController.swift */ = {isa = PBXFileReference; fileEncoding = 4; lastKnownFileType = sourcecode.swift; path = DrawViewController.swift; sourceTree = "<group>"; };
		F6D641A920F49DDB003AA01D /* DrawViewController.xib */ = {isa = PBXFileReference; fileEncoding = 4; lastKnownFileType = file.xib; path = DrawViewController.xib; sourceTree = "<group>"; };
		F6D641AB20F49DDB003AA01D /* BrushButton.swift */ = {isa = PBXFileReference; fileEncoding = 4; lastKnownFileType = sourcecode.swift; path = BrushButton.swift; sourceTree = "<group>"; };
		F6D641AC20F49DDB003AA01D /* BrushPickerViewController.xib */ = {isa = PBXFileReference; fileEncoding = 4; lastKnownFileType = file.xib; path = BrushPickerViewController.xib; sourceTree = "<group>"; };
		F6D641AD20F49DDB003AA01D /* BrushPickerViewController.swift */ = {isa = PBXFileReference; fileEncoding = 4; lastKnownFileType = sourcecode.swift; path = BrushPickerViewController.swift; sourceTree = "<group>"; };
		F6D641AE20F49DDB003AA01D /* Brush.swift */ = {isa = PBXFileReference; fileEncoding = 4; lastKnownFileType = sourcecode.swift; path = Brush.swift; sourceTree = "<group>"; };
		F6D641C220F49E58003AA01D /* UIFont+Updraft.swift */ = {isa = PBXFileReference; fileEncoding = 4; lastKnownFileType = sourcecode.swift; path = "UIFont+Updraft.swift"; sourceTree = "<group>"; };
		F6D641C320F49E58003AA01D /* UIColor+Updraft.swift */ = {isa = PBXFileReference; fileEncoding = 4; lastKnownFileType = sourcecode.swift; path = "UIColor+Updraft.swift"; sourceTree = "<group>"; };
		F6D641C820F49E78003AA01D /* UIViewController+add.swift */ = {isa = PBXFileReference; fileEncoding = 4; lastKnownFileType = sourcecode.swift; path = "UIViewController+add.swift"; sourceTree = "<group>"; };
		F6D641CC20F49EDE003AA01D /* NavigationButton.swift */ = {isa = PBXFileReference; fileEncoding = 4; lastKnownFileType = sourcecode.swift; path = NavigationButton.swift; sourceTree = "<group>"; };
		F6D641CD20F49EDE003AA01D /* ActionButton.swift */ = {isa = PBXFileReference; fileEncoding = 4; lastKnownFileType = sourcecode.swift; path = ActionButton.swift; sourceTree = "<group>"; };
		F6D641D220F49F30003AA01D /* CreteRound-Regular.ttf */ = {isa = PBXFileReference; lastKnownFileType = file; path = "CreteRound-Regular.ttf"; sourceTree = "<group>"; };
		F6D641D320F49F30003AA01D /* CreteRound-Italic.ttf */ = {isa = PBXFileReference; lastKnownFileType = file; path = "CreteRound-Italic.ttf"; sourceTree = "<group>"; };
		F6D641D620F4A87C003AA01D /* Assets.xcassets */ = {isa = PBXFileReference; lastKnownFileType = folder.assetcatalog; path = Assets.xcassets; sourceTree = "<group>"; };
		F6D641D820F4AC31003AA01D /* Bundle+updraft.swift */ = {isa = PBXFileReference; lastKnownFileType = sourcecode.swift; path = "Bundle+updraft.swift"; sourceTree = "<group>"; };
		F6DA9852203B11220002E4D1 /* DateFormatter+updraft.swift */ = {isa = PBXFileReference; lastKnownFileType = sourcecode.swift; path = "DateFormatter+updraft.swift"; sourceTree = "<group>"; };
		F6E9F55A2056AD0F00206FAE /* CheckUpdateRequestTests.swift */ = {isa = PBXFileReference; lastKnownFileType = sourcecode.swift; path = CheckUpdateRequestTests.swift; sourceTree = "<group>"; };
		F6E9F55C2056AD5400206FAE /* NetworkRequestTests.swift */ = {isa = PBXFileReference; lastKnownFileType = sourcecode.swift; path = NetworkRequestTests.swift; sourceTree = "<group>"; };
		F6E9F55E2056B0D400206FAE /* NetworkRequestSpy.swift */ = {isa = PBXFileReference; lastKnownFileType = sourcecode.swift; path = NetworkRequestSpy.swift; sourceTree = "<group>"; };
		F6E9F5602056C48900206FAE /* DispatchToMainThread.swift */ = {isa = PBXFileReference; lastKnownFileType = sourcecode.swift; path = DispatchToMainThread.swift; sourceTree = "<group>"; };
		F6E9F5622056CC6800206FAE /* UpdateUrlRequestTests.swift */ = {isa = PBXFileReference; lastKnownFileType = sourcecode.swift; path = UpdateUrlRequestTests.swift; sourceTree = "<group>"; };
		F6EDACED208638FC00FC4F0B /* UIView+stickToView.swift */ = {isa = PBXFileReference; lastKnownFileType = sourcecode.swift; path = "UIView+stickToView.swift"; sourceTree = "<group>"; };
		F6F5A6702015D70D009AFF2B /* Updraft.framework */ = {isa = PBXFileReference; explicitFileType = wrapper.framework; includeInIndex = 0; path = Updraft.framework; sourceTree = BUILT_PRODUCTS_DIR; };
		F6F5A6732015D70D009AFF2B /* Updraft.h */ = {isa = PBXFileReference; lastKnownFileType = sourcecode.c.h; path = Updraft.h; sourceTree = "<group>"; };
		F6F5A6742015D70D009AFF2B /* Info.plist */ = {isa = PBXFileReference; lastKnownFileType = text.plist.xml; path = Info.plist; sourceTree = "<group>"; };
		F6F5A6792015D70D009AFF2B /* UpdraftTests.xctest */ = {isa = PBXFileReference; explicitFileType = wrapper.cfbundle; includeInIndex = 0; path = UpdraftTests.xctest; sourceTree = BUILT_PRODUCTS_DIR; };
		F6F5A67E2015D70D009AFF2B /* UpdraftTests.swift */ = {isa = PBXFileReference; lastKnownFileType = sourcecode.swift; path = UpdraftTests.swift; sourceTree = "<group>"; };
		F6F5A6802015D70D009AFF2B /* Info.plist */ = {isa = PBXFileReference; lastKnownFileType = text.plist.xml; path = Info.plist; sourceTree = "<group>"; };
		F6F5A6C72015EEE6009AFF2B /* Updraft.swift */ = {isa = PBXFileReference; lastKnownFileType = sourcecode.swift; path = Updraft.swift; sourceTree = "<group>"; };
		F6F6831820185BCC00EF5CE3 /* AutoUpdateManagerSpy.swift */ = {isa = PBXFileReference; lastKnownFileType = sourcecode.swift; path = AutoUpdateManagerSpy.swift; sourceTree = "<group>"; };
		F6F6831A2018853C00EF5CE3 /* CheckUpdateInteractorInputSpy.swift */ = {isa = PBXFileReference; lastKnownFileType = sourcecode.swift; path = CheckUpdateInteractorInputSpy.swift; sourceTree = "<group>"; };
		F6FD17BB20160F0E005B9177 /* AutoUpdateManagerTests.swift */ = {isa = PBXFileReference; lastKnownFileType = sourcecode.swift; path = AutoUpdateManagerTests.swift; sourceTree = "<group>"; };
		F6FD17BE20161445005B9177 /* AutoUpdateManager.swift */ = {isa = PBXFileReference; lastKnownFileType = sourcecode.swift; path = AutoUpdateManager.swift; sourceTree = "<group>"; };
/* End PBXFileReference section */

/* Begin PBXFrameworksBuildPhase section */
		F6F5A66C2015D70D009AFF2B /* Frameworks */ = {
			isa = PBXFrameworksBuildPhase;
			buildActionMask = 2147483647;
			files = (
			);
			runOnlyForDeploymentPostprocessing = 0;
		};
		F6F5A6762015D70D009AFF2B /* Frameworks */ = {
			isa = PBXFrameworksBuildPhase;
			buildActionMask = 2147483647;
			files = (
				F6F5A67A2015D70D009AFF2B /* Updraft.framework in Frameworks */,
			);
			runOnlyForDeploymentPostprocessing = 0;
		};
/* End PBXFrameworksBuildPhase section */

/* Begin PBXGroup section */
		F60541D22178844A00DA16F6 /* FeedbackEnabled */ = {
			isa = PBXGroup;
			children = (
				F60541D32178848C00DA16F6 /* FeedbackEnabledRequest.swift */,
				F60541D52178849A00DA16F6 /* FeedbackEnabledResource.swift */,
			);
			path = FeedbackEnabled;
			sourceTree = "<group>";
		};
		F644BD1A207C913E003126F1 /* SendFeedback */ = {
			isa = PBXGroup;
			children = (
				F644BD1B207C915B003126F1 /* SendFeedbackRequest.swift */,
				F644BD1D207C9169003126F1 /* SendFeedbackResource.swift */,
			);
			path = SendFeedback;
			sourceTree = "<group>";
		};
		F644BD25207CD078003126F1 /* Presenter */ = {
			isa = PBXGroup;
			children = (
				F644BD26207CD084003126F1 /* FeedbackPresenterTests.swift */,
			);
			path = Presenter;
			sourceTree = "<group>";
		};
		F644BD28207CD347003126F1 /* View */ = {
			isa = PBXGroup;
			children = (
				F644BD29207CD35E003126F1 /* FeedbackViewControllerTests.swift */,
			);
			path = View;
			sourceTree = "<group>";
		};
		F644BD2D207CDACE003126F1 /* Feedback */ = {
			isa = PBXGroup;
			children = (
				F63B13692073946400A96C0A /* FeedbackManager.swift */,
				F644BD2F207CDD2E003126F1 /* Interactor */,
				F67B495A207B5FF100272C09 /* Presenter */,
				F67B495D207B602A00272C09 /* View */,
			);
			path = Feedback;
			sourceTree = "<group>";
		};
		F644BD2E207CDAD4003126F1 /* AutoUpdate */ = {
			isa = PBXGroup;
			children = (
				F6FD17BE20161445005B9177 /* AutoUpdateManager.swift */,
				F644BD30207CDD80003126F1 /* Interactor */,
			);
			path = AutoUpdate;
			sourceTree = "<group>";
		};
		F644BD2F207CDD2E003126F1 /* Interactor */ = {
			isa = PBXGroup;
			children = (
				F644BD18207C8E8B003126F1 /* SendFeedbackInteractor.swift */,
				F60541DB21788A8200DA16F6 /* CheckFeedbackEnabledInteractor.swift */,
				F63B136F2073AF9300A96C0A /* TriggerFeedbackInteractor.swift */,
				F61B90BD207F495D006593AA /* ShowFeedbackStatusInteractor.swift */,
			);
			path = Interactor;
			sourceTree = "<group>";
		};
		F644BD30207CDD80003126F1 /* Interactor */ = {
			isa = PBXGroup;
			children = (
				F602F7802017596100B7487A /* CheckUpdateInteractor.swift */,
				F602F7842017609F00B7487A /* DownloadUpdateInteractor.swift */,
			);
			path = Interactor;
			sourceTree = "<group>";
		};
		F644BD31207CDE56003126F1 /* Helpers */ = {
			isa = PBXGroup;
			children = (
				F68088E02018B0D8008DE368 /* URLOpener.swift */,
				F6632BF5203573970098FA77 /* NetworkSession.swift */,
				F6E9F5602056C48900206FAE /* DispatchToMainThread.swift */,
				F6A79D70207E116C00C2AFC2 /* UIDevice+ModelName.swift */,
				F6D641D820F4AC31003AA01D /* Bundle+updraft.swift */,
				F6C47A3D2129559600F551CE /* String+localized.swift */,
			);
			path = Helpers;
			sourceTree = "<group>";
		};
		F6587AB62034619A00B1A87F /* Network */ = {
			isa = PBXGroup;
			children = (
				F6E9F55A2056AD0F00206FAE /* CheckUpdateRequestTests.swift */,
				F60541D92178879100DA16F6 /* FeedbackEnabledRequestTests.swift */,
				F6E9F5622056CC6800206FAE /* UpdateUrlRequestTests.swift */,
				F6E9F55C2056AD5400206FAE /* NetworkRequestTests.swift */,
			);
			path = Network;
			sourceTree = "<group>";
		};
		F6587AB720346AA800B1A87F /* Model */ = {
			isa = PBXGroup;
			children = (
				F6587AB820346ABB00B1A87F /* UpdateModelTests.swift */,
			);
			path = Model;
			sourceTree = "<group>";
		};
		F67B09382051645E00FE4B1C /* CheckUpdate */ = {
			isa = PBXGroup;
			children = (
				F67B09342051634700FE4B1C /* CheckUpdateRequest.swift */,
				F60105942035E677004D8431 /* CheckUpdateResource.swift */,
			);
			path = CheckUpdate;
			sourceTree = "<group>";
		};
		F67B09392051646900FE4B1C /* UpdateUrl */ = {
			isa = PBXGroup;
			children = (
				F67B09362051639400FE4B1C /* UpdateUrlRequest.swift */,
				F6B558B1202061FE006ADB14 /* UpdateUrlResource.swift */,
			);
			path = UpdateUrl;
			sourceTree = "<group>";
		};
		F67B495A207B5FF100272C09 /* Presenter */ = {
			isa = PBXGroup;
			children = (
				F67B495B207B601400272C09 /* FeedbackPresenter.swift */,
			);
			path = Presenter;
			sourceTree = "<group>";
		};
		F67B495D207B602A00272C09 /* View */ = {
			isa = PBXGroup;
			children = (
				F6D641A120F49DDB003AA01D /* FeedbackViewController.swift */,
				F6D641A020F49DDA003AA01D /* FeedbackViewController.xib */,
				F6D6419B20F49DDA003AA01D /* Description */,
				F6D641A220F49DDB003AA01D /* Paint */,
				F6D6419820F49DDA003AA01D /* Send */,
			);
			path = View;
			sourceTree = "<group>";
		};
		F68088DB20189430008DE368 /* Shared */ = {
			isa = PBXGroup;
			children = (
				F6D03F15203AC58B003FE65B /* Settings.swift */,
				F600EADC203ADC3600E7AB93 /* AppUtility.swift */,
				F664809D212C396100C32B43 /* Logger.swift */,
				F644BD31207CDE56003126F1 /* Helpers */,
				F6FD17C120164E76005B9177 /* Interactor */,
				F6DA9851203B10F20002E4D1 /* Property */,
				F6D641CA20F49EBC003AA01D /* View */,
			);
			path = Shared;
			sourceTree = "<group>";
		};
		F68088EF2018C9A4008DE368 /* Manager */ = {
			isa = PBXGroup;
			children = (
				F6FD17BB20160F0E005B9177 /* AutoUpdateManagerTests.swift */,
				F6C5B7982074CC980034B38D /* FeedbackManagerTests.swift */,
			);
			path = Manager;
			sourceTree = "<group>";
		};
		F68088F02018C9BF008DE368 /* Interactor */ = {
			isa = PBXGroup;
			children = (
				F68088E92018B521008DE368 /* DownloadUpdateInteractorTests.swift */,
				F602F77E2017563E00B7487A /* CheckUpdateInteractorTests.swift */,
				F6292026203D805400EB694C /* DisplayAlertInteractorTests.swift */,
				F6C5B79C2074CF4C0034B38D /* TriggerFeedbackInteractorTests.swift */,
			);
			path = Interactor;
			sourceTree = "<group>";
		};
		F6B558AD20204B06006ADB14 /* Network */ = {
			isa = PBXGroup;
			children = (
				F6B558AF202061D7006ADB14 /* ApiResource.swift */,
				F6D03F13203AC29E003FE65B /* ApiSessionManager.swift */,
				F68088F22018DA4C008DE368 /* NetworkRequest.swift */,
				F67B09382051645E00FE4B1C /* CheckUpdate */,
				F60541D22178844A00DA16F6 /* FeedbackEnabled */,
				F67B09392051646900FE4B1C /* UpdateUrl */,
				F644BD1A207C913E003126F1 /* SendFeedback */,
			);
			path = Network;
			sourceTree = "<group>";
		};
		F6B558B520206269006ADB14 /* Model */ = {
			isa = PBXGroup;
			children = (
				F60105922035E39E004D8431 /* CheckUpdateModel.swift */,
				F6A79D76207E4F8D00C2AFC2 /* FeedbackModel.swift */,
				F644BD1F207C9233003126F1 /* SendFeedbackModel.swift */,
				F6B558B320206240006ADB14 /* UpdateUrlModel.swift */,
				F60541D72178863E00DA16F6 /* FeedbackEnabledModel.swift */,
			);
			path = Model;
			sourceTree = "<group>";
		};
		F6C47A58212958E500F551CE /* Localizable */ = {
			isa = PBXGroup;
			children = (
				F6C47A5D2129593800F551CE /* Localizable.strings */,
			);
			path = Localizable;
			sourceTree = "<group>";
		};
		F6D6419820F49DDA003AA01D /* Send */ = {
			isa = PBXGroup;
			children = (
				F6D6419920F49DDA003AA01D /* FeedbackSendViewController.swift */,
				F6D6419A20F49DDA003AA01D /* FeedbackSendViewController.xib */,
				F65964C5212ACA39008B84AE /* FeedbackSendFailureView.swift */,
				F65964C7212ACA48008B84AE /* FeedbackSendFailureView.xib */,
				F65964EE212ADE31008B84AE /* FeedbackSendProgressView.swift */,
				F65964F0212ADE3F008B84AE /* FeedbackSendProgressView.xib */,
			);
			path = Send;
			sourceTree = "<group>";
		};
		F6D6419B20F49DDA003AA01D /* Description */ = {
			isa = PBXGroup;
			children = (
				F6D6419C20F49DDA003AA01D /* FeedbackDescriptionTextView.swift */,
				F6D6419D20F49DDA003AA01D /* FeedbackEmailTextField.swift */,
				F6D6419E20F49DDA003AA01D /* FeedbackDescriptionViewController.swift */,
				F6D6419F20F49DDA003AA01D /* FeedbackDescriptionViewController.xib */,
			);
			path = Description;
			sourceTree = "<group>";
		};
		F6D641A220F49DDB003AA01D /* Paint */ = {
			isa = PBXGroup;
			children = (
				F6D641A320F49DDB003AA01D /* FeedbackPaintViewController.swift */,
				F6D641A420F49DDB003AA01D /* FeedbackPaintViewController.xib */,
				F6D641A520F49DDB003AA01D /* Draw */,
			);
			path = Paint;
			sourceTree = "<group>";
		};
		F6D641A520F49DDB003AA01D /* Draw */ = {
			isa = PBXGroup;
			children = (
				F6D641A620F49DDB003AA01D /* DrawView.swift */,
				F6D641A720F49DDB003AA01D /* DimView.swift */,
				F6D641A820F49DDB003AA01D /* DrawViewController.swift */,
				F6D641A920F49DDB003AA01D /* DrawViewController.xib */,
				F6D641AA20F49DDB003AA01D /* Brush */,
			);
			path = Draw;
			sourceTree = "<group>";
		};
		F6D641AA20F49DDB003AA01D /* Brush */ = {
			isa = PBXGroup;
			children = (
				F6D641AB20F49DDB003AA01D /* BrushButton.swift */,
				F6D641AC20F49DDB003AA01D /* BrushPickerViewController.xib */,
				F6D641AD20F49DDB003AA01D /* BrushPickerViewController.swift */,
				F6D641AE20F49DDB003AA01D /* Brush.swift */,
			);
			path = Brush;
			sourceTree = "<group>";
		};
		F6D641CA20F49EBC003AA01D /* View */ = {
			isa = PBXGroup;
			children = (
				F6D641CD20F49EDE003AA01D /* ActionButton.swift */,
				F6D641CC20F49EDE003AA01D /* NavigationButton.swift */,
			);
			path = View;
			sourceTree = "<group>";
		};
		F6D641D020F49EFF003AA01D /* Resource */ = {
			isa = PBXGroup;
			children = (
				F6D641D620F4A87C003AA01D /* Assets.xcassets */,
				F6D641D120F49F26003AA01D /* Font */,
				F6C47A58212958E500F551CE /* Localizable */,
			);
			path = Resource;
			sourceTree = "<group>";
		};
		F6D641D120F49F26003AA01D /* Font */ = {
			isa = PBXGroup;
			children = (
				F6D641D320F49F30003AA01D /* CreteRound-Italic.ttf */,
				F6D641D220F49F30003AA01D /* CreteRound-Regular.ttf */,
			);
			path = Font;
			sourceTree = "<group>";
		};
		F6DA9851203B10F20002E4D1 /* Property */ = {
			isa = PBXGroup;
			children = (
				F6D641C820F49E78003AA01D /* UIViewController+add.swift */,
				F6D641C320F49E58003AA01D /* UIColor+Updraft.swift */,
				F6D641C220F49E58003AA01D /* UIFont+Updraft.swift */,
				F6DA9852203B11220002E4D1 /* DateFormatter+updraft.swift */,
				F6EDACED208638FC00FC4F0B /* UIView+stickToView.swift */,
				F63564CE212FF60C0094200E /* URLRequest+logMessage.swift */,
			);
			path = Property;
			sourceTree = "<group>";
		};
		F6F5A6662015D70D009AFF2B = {
			isa = PBXGroup;
			children = (
				F636928B204545C50075F080 /* README.md */,
				F6F5A6722015D70D009AFF2B /* Updraft */,
				F6F5A67D2015D70D009AFF2B /* UpdraftTests */,
				F6F5A6712015D70D009AFF2B /* Products */,
			);
			sourceTree = "<group>";
		};
		F6F5A6712015D70D009AFF2B /* Products */ = {
			isa = PBXGroup;
			children = (
				F6F5A6702015D70D009AFF2B /* Updraft.framework */,
				F6F5A6792015D70D009AFF2B /* UpdraftTests.xctest */,
			);
			name = Products;
			sourceTree = "<group>";
		};
		F6F5A6722015D70D009AFF2B /* Updraft */ = {
			isa = PBXGroup;
			children = (
				F6F5A6C72015EEE6009AFF2B /* Updraft.swift */,
				F644BD2E207CDAD4003126F1 /* AutoUpdate */,
				F68088DB20189430008DE368 /* Shared */,
				F644BD2D207CDACE003126F1 /* Feedback */,
				F6B558B520206269006ADB14 /* Model */,
				F6B558AD20204B06006ADB14 /* Network */,
				F6D641D020F49EFF003AA01D /* Resource */,
				F6F5A6732015D70D009AFF2B /* Updraft.h */,
				F6F5A6742015D70D009AFF2B /* Info.plist */,
			);
			path = Updraft;
			sourceTree = "<group>";
		};
		F6F5A67D2015D70D009AFF2B /* UpdraftTests */ = {
			isa = PBXGroup;
			children = (
				F6F5A67E2015D70D009AFF2B /* UpdraftTests.swift */,
				F644BD28207CD347003126F1 /* View */,
				F644BD25207CD078003126F1 /* Presenter */,
				F6587AB720346AA800B1A87F /* Model */,
				F6587AB62034619A00B1A87F /* Network */,
				F68088F02018C9BF008DE368 /* Interactor */,
				F68088EF2018C9A4008DE368 /* Manager */,
				F6F6831720185B9D00EF5CE3 /* Spy */,
				F6F5A6802015D70D009AFF2B /* Info.plist */,
			);
			path = UpdraftTests;
			sourceTree = "<group>";
		};
		F6F6831720185B9D00EF5CE3 /* Spy */ = {
			isa = PBXGroup;
			children = (
				F6F6831820185BCC00EF5CE3 /* AutoUpdateManagerSpy.swift */,
				F6344A2F21A58989008346AD /* CheckFeedbackEnabledInteractorSpy.swift */,
				F6F6831A2018853C00EF5CE3 /* CheckUpdateInteractorInputSpy.swift */,
				F68088D920188C0E008DE368 /* CheckUpdateInteractorOutputSpy.swift */,
				F6292024203D7FE700EB694C /* DisplayAlertInteractorSpy.swift */,
				F6292028203D874200EB694C /* DisplayAlertInteractorInputSpy.swift */,
				F68088ED2018C208008DE368 /* DownloadUpdateInteractorInputSpy.swift */,
				F68088EB2018B6B1008DE368 /* DownloadUpdateInteractorOutputSpy.swift */,
				F644BD21207CC6EC003126F1 /* FeedbackPresenterSpy.swift */,
				F6C5B7962074CA740034B38D /* FeedbackManagerSpy.swift */,
				F644BD2B207CD5D3003126F1 /* FeedbackViewControllerSpy.swift */,
				F65A33F720F61BDD0061E899 /* LoadFontsInteractorSpy.swift */,
				F601058C2035C601004D8431 /* NetworkSessionSpy.swift */,
				F6E9F55E2056B0D400206FAE /* NetworkRequestSpy.swift */,
				F61B90C1207F560F006593AA /* ShowFeedbackStatusInteractorSpy.swift */,
				F6C5B79A2074CDCE0034B38D /* TriggerFeedbackInteractorSpy.swift */,
				F644BD23207CCE02003126F1 /* TakeScreenshotInteractorSpy.swift */,
				F68088E52018B3A3008DE368 /* UIApplicationSpy.swift */,
			);
			path = Spy;
			sourceTree = "<group>";
		};
		F6FD17C120164E76005B9177 /* Interactor */ = {
			isa = PBXGroup;
			children = (
				F6D36FAC203C3C9300B0643E /* DisplayAlertInteractor.swift */,
				F6605E2B20F4C14F00F2B8A5 /* LoadFontsInteractor.swift */,
				F63B136B20739C5A00A96C0A /* TakeScreenshotInteractor.swift */,
				F61B90BB207F46F4006593AA /* UserEmailInteractor.swift */,
			);
			path = Interactor;
			sourceTree = "<group>";
		};
/* End PBXGroup section */

/* Begin PBXHeadersBuildPhase section */
		F6F5A66D2015D70D009AFF2B /* Headers */ = {
			isa = PBXHeadersBuildPhase;
			buildActionMask = 2147483647;
			files = (
				F6F5A6812015D70D009AFF2B /* Updraft.h in Headers */,
			);
			runOnlyForDeploymentPostprocessing = 0;
		};
/* End PBXHeadersBuildPhase section */

/* Begin PBXNativeTarget section */
		F6F5A66F2015D70D009AFF2B /* Updraft */ = {
			isa = PBXNativeTarget;
			buildConfigurationList = F6F5A6842015D70D009AFF2B /* Build configuration list for PBXNativeTarget "Updraft" */;
			buildPhases = (
				F6F5A66B2015D70D009AFF2B /* Sources */,
				F6F5A66C2015D70D009AFF2B /* Frameworks */,
				F6F5A66D2015D70D009AFF2B /* Headers */,
				F6F5A66E2015D70D009AFF2B /* Resources */,
				F68088F12018D2B9008DE368 /* ShellScript */,
			);
			buildRules = (
			);
			dependencies = (
			);
			name = Updraft;
			productName = Updraft;
			productReference = F6F5A6702015D70D009AFF2B /* Updraft.framework */;
			productType = "com.apple.product-type.framework";
		};
		F6F5A6782015D70D009AFF2B /* UpdraftTests */ = {
			isa = PBXNativeTarget;
			buildConfigurationList = F6F5A6872015D70D009AFF2B /* Build configuration list for PBXNativeTarget "UpdraftTests" */;
			buildPhases = (
				F6F5A6752015D70D009AFF2B /* Sources */,
				F6F5A6762015D70D009AFF2B /* Frameworks */,
				F6F5A6772015D70D009AFF2B /* Resources */,
			);
			buildRules = (
			);
			dependencies = (
				F6F5A67C2015D70D009AFF2B /* PBXTargetDependency */,
			);
			name = UpdraftTests;
			productName = UpdraftTests;
			productReference = F6F5A6792015D70D009AFF2B /* UpdraftTests.xctest */;
			productType = "com.apple.product-type.bundle.unit-test";
		};
/* End PBXNativeTarget section */

/* Begin PBXProject section */
		F6F5A6672015D70D009AFF2B /* Project object */ = {
			isa = PBXProject;
			attributes = {
				LastSwiftUpdateCheck = 0920;
				LastUpgradeCheck = 1020;
				ORGANIZATIONNAME = "Apps with love AG";
				TargetAttributes = {
					F6F5A66F2015D70D009AFF2B = {
						CreatedOnToolsVersion = 9.2;
						LastSwiftMigration = 1020;
						ProvisioningStyle = Automatic;
					};
					F6F5A6782015D70D009AFF2B = {
						CreatedOnToolsVersion = 9.2;
						LastSwiftMigration = 1020;
						ProvisioningStyle = Automatic;
					};
				};
			};
			buildConfigurationList = F6F5A66A2015D70D009AFF2B /* Build configuration list for PBXProject "Updraft" */;
			compatibilityVersion = "Xcode 8.0";
			developmentRegion = en;
			hasScannedForEncodings = 0;
			knownRegions = (
				en,
			);
			mainGroup = F6F5A6662015D70D009AFF2B;
			productRefGroup = F6F5A6712015D70D009AFF2B /* Products */;
			projectDirPath = "";
			projectRoot = "";
			targets = (
				F6F5A66F2015D70D009AFF2B /* Updraft */,
				F6F5A6782015D70D009AFF2B /* UpdraftTests */,
			);
		};
/* End PBXProject section */

/* Begin PBXResourcesBuildPhase section */
		F6F5A66E2015D70D009AFF2B /* Resources */ = {
			isa = PBXResourcesBuildPhase;
			buildActionMask = 2147483647;
			files = (
				F65964F1212ADE3F008B84AE /* FeedbackSendProgressView.xib in Resources */,
				F65964C8212ACA48008B84AE /* FeedbackSendFailureView.xib in Resources */,
				F6D641BC20F49DDB003AA01D /* DrawViewController.xib in Resources */,
				F6D641B820F49DDB003AA01D /* FeedbackPaintViewController.xib in Resources */,
				F6D641D720F4A87C003AA01D /* Assets.xcassets in Resources */,
				F6D641D520F49F30003AA01D /* CreteRound-Italic.ttf in Resources */,
				F6D641B020F49DDB003AA01D /* FeedbackSendViewController.xib in Resources */,
				F6C47A5B2129593800F551CE /* Localizable.strings in Resources */,
				F6D641B420F49DDB003AA01D /* FeedbackDescriptionViewController.xib in Resources */,
				F6D641D420F49F30003AA01D /* CreteRound-Regular.ttf in Resources */,
				F6D641B520F49DDB003AA01D /* FeedbackViewController.xib in Resources */,
				F6D641BE20F49DDB003AA01D /* BrushPickerViewController.xib in Resources */,
			);
			runOnlyForDeploymentPostprocessing = 0;
		};
		F6F5A6772015D70D009AFF2B /* Resources */ = {
			isa = PBXResourcesBuildPhase;
			buildActionMask = 2147483647;
			files = (
			);
			runOnlyForDeploymentPostprocessing = 0;
		};
/* End PBXResourcesBuildPhase section */

/* Begin PBXShellScriptBuildPhase section */
		F68088F12018D2B9008DE368 /* ShellScript */ = {
			isa = PBXShellScriptBuildPhase;
			buildActionMask = 2147483647;
			files = (
			);
			inputPaths = (
			);
			outputPaths = (
			);
			runOnlyForDeploymentPostprocessing = 0;
			shellPath = /bin/sh;
			shellScript = "if which swiftlint >/dev/null; then\nswiftlint\nfi";
		};
/* End PBXShellScriptBuildPhase section */

/* Begin PBXSourcesBuildPhase section */
		F6F5A66B2015D70D009AFF2B /* Sources */ = {
			isa = PBXSourcesBuildPhase;
			buildActionMask = 2147483647;
			files = (
				F6D641AF20F49DDB003AA01D /* FeedbackSendViewController.swift in Sources */,
				F602F7852017609F00B7487A /* DownloadUpdateInteractor.swift in Sources */,
				F6D641B920F49DDB003AA01D /* DrawView.swift in Sources */,
				F644BD19207C8E8B003126F1 /* SendFeedbackInteractor.swift in Sources */,
				F60105952035E677004D8431 /* CheckUpdateResource.swift in Sources */,
				F6A79D77207E4F8D00C2AFC2 /* FeedbackModel.swift in Sources */,
				F60541D82178863E00DA16F6 /* FeedbackEnabledModel.swift in Sources */,
				F65964C6212ACA39008B84AE /* FeedbackSendFailureView.swift in Sources */,
				F602F7812017596100B7487A /* CheckUpdateInteractor.swift in Sources */,
				F6D36FAD203C3C9300B0643E /* DisplayAlertInteractor.swift in Sources */,
				F6D641C020F49DDB003AA01D /* Brush.swift in Sources */,
				F6D641C920F49E78003AA01D /* UIViewController+add.swift in Sources */,
				F6FD17BF20161445005B9177 /* AutoUpdateManager.swift in Sources */,
				F67B09352051634700FE4B1C /* CheckUpdateRequest.swift in Sources */,
				F60541DC21788A8200DA16F6 /* CheckFeedbackEnabledInteractor.swift in Sources */,
				F6D641B320F49DDB003AA01D /* FeedbackDescriptionViewController.swift in Sources */,
				F6EDACEE208638FC00FC4F0B /* UIView+stickToView.swift in Sources */,
				F65964EF212ADE31008B84AE /* FeedbackSendProgressView.swift in Sources */,
				F60541D62178849A00DA16F6 /* FeedbackEnabledResource.swift in Sources */,
				F60105932035E39E004D8431 /* CheckUpdateModel.swift in Sources */,
				F6C47A3E2129559600F551CE /* String+localized.swift in Sources */,
				F664809E212C396100C32B43 /* Logger.swift in Sources */,
				F6D641B220F49DDB003AA01D /* FeedbackEmailTextField.swift in Sources */,
				F63B13702073AF9300A96C0A /* TriggerFeedbackInteractor.swift in Sources */,
				F61B90BE207F495D006593AA /* ShowFeedbackStatusInteractor.swift in Sources */,
				F6D641C620F49E58003AA01D /* UIColor+Updraft.swift in Sources */,
				F61B90BC207F46F4006593AA /* UserEmailInteractor.swift in Sources */,
				F6605E2C20F4C14F00F2B8A5 /* LoadFontsInteractor.swift in Sources */,
				F6DA9853203B11220002E4D1 /* DateFormatter+updraft.swift in Sources */,
				F6D641D920F4AC31003AA01D /* Bundle+updraft.swift in Sources */,
				F63B136C20739C5A00A96C0A /* TakeScreenshotInteractor.swift in Sources */,
				F6B558B420206240006ADB14 /* UpdateUrlModel.swift in Sources */,
				F68088E12018B0D8008DE368 /* URLOpener.swift in Sources */,
				F6D641C420F49E58003AA01D /* UIFont+Updraft.swift in Sources */,
				F6D641BA20F49DDB003AA01D /* DimView.swift in Sources */,
				F6632BF6203573970098FA77 /* NetworkSession.swift in Sources */,
				F6D641BB20F49DDB003AA01D /* DrawViewController.swift in Sources */,
				F6E9F5612056C48900206FAE /* DispatchToMainThread.swift in Sources */,
				F67B495C207B601400272C09 /* FeedbackPresenter.swift in Sources */,
				F644BD1E207C9169003126F1 /* SendFeedbackResource.swift in Sources */,
				F63564CF212FF60C0094200E /* URLRequest+logMessage.swift in Sources */,
				F6F5A6C82015EEE6009AFF2B /* Updraft.swift in Sources */,
				F644BD20207C9233003126F1 /* SendFeedbackModel.swift in Sources */,
				F63B136A2073946400A96C0A /* FeedbackManager.swift in Sources */,
				F6D641B120F49DDB003AA01D /* FeedbackDescriptionTextView.swift in Sources */,
				F6D641B620F49DDB003AA01D /* FeedbackViewController.swift in Sources */,
				F6D03F16203AC58B003FE65B /* Settings.swift in Sources */,
				F60541D42178848C00DA16F6 /* FeedbackEnabledRequest.swift in Sources */,
				F6B558B2202061FE006ADB14 /* UpdateUrlResource.swift in Sources */,
				F6D641CF20F49EDE003AA01D /* ActionButton.swift in Sources */,
				F6D641CE20F49EDE003AA01D /* NavigationButton.swift in Sources */,
				F644BD1C207C915B003126F1 /* SendFeedbackRequest.swift in Sources */,
				F6D03F14203AC29E003FE65B /* ApiSessionManager.swift in Sources */,
				F67B09372051639400FE4B1C /* UpdateUrlRequest.swift in Sources */,
				F6D641B720F49DDB003AA01D /* FeedbackPaintViewController.swift in Sources */,
				F6B558B0202061D7006ADB14 /* ApiResource.swift in Sources */,
				F68088F32018DA4C008DE368 /* NetworkRequest.swift in Sources */,
				F6D641BF20F49DDB003AA01D /* BrushPickerViewController.swift in Sources */,
				F6D641BD20F49DDB003AA01D /* BrushButton.swift in Sources */,
				F6A79D71207E116C00C2AFC2 /* UIDevice+ModelName.swift in Sources */,
				F600EADD203ADC3600E7AB93 /* AppUtility.swift in Sources */,
			);
			runOnlyForDeploymentPostprocessing = 0;
		};
		F6F5A6752015D70D009AFF2B /* Sources */ = {
			isa = PBXSourcesBuildPhase;
			buildActionMask = 2147483647;
			files = (
				F6292027203D805400EB694C /* DisplayAlertInteractorTests.swift in Sources */,
				F6F6831B2018853C00EF5CE3 /* CheckUpdateInteractorInputSpy.swift in Sources */,
				F6F6831920185BCC00EF5CE3 /* AutoUpdateManagerSpy.swift in Sources */,
				F6344A3021A58989008346AD /* CheckFeedbackEnabledInteractorSpy.swift in Sources */,
				F6C5B7972074CA740034B38D /* FeedbackManagerSpy.swift in Sources */,
				F6292029203D874200EB694C /* DisplayAlertInteractorInputSpy.swift in Sources */,
				F68088EC2018B6B1008DE368 /* DownloadUpdateInteractorOutputSpy.swift in Sources */,
				F644BD22207CC6EC003126F1 /* FeedbackPresenterSpy.swift in Sources */,
				F644BD24207CCE02003126F1 /* TakeScreenshotInteractorSpy.swift in Sources */,
				F60541DA2178879100DA16F6 /* FeedbackEnabledRequestTests.swift in Sources */,
				F6E9F55F2056B0D400206FAE /* NetworkRequestSpy.swift in Sources */,
				F6E9F55B2056AD0F00206FAE /* CheckUpdateRequestTests.swift in Sources */,
				F6E9F55D2056AD5400206FAE /* NetworkRequestTests.swift in Sources */,
				F6FD17BC20160F0E005B9177 /* AutoUpdateManagerTests.swift in Sources */,
				F6F5A67F2015D70D009AFF2B /* UpdraftTests.swift in Sources */,
				F68088DA20188C0E008DE368 /* CheckUpdateInteractorOutputSpy.swift in Sources */,
				F644BD2C207CD5D3003126F1 /* FeedbackViewControllerSpy.swift in Sources */,
				F6C5B7992074CC980034B38D /* FeedbackManagerTests.swift in Sources */,
				F6E9F5632056CC6800206FAE /* UpdateUrlRequestTests.swift in Sources */,
				F601058D2035C601004D8431 /* NetworkSessionSpy.swift in Sources */,
				F68088E62018B3A3008DE368 /* UIApplicationSpy.swift in Sources */,
				F644BD2A207CD35E003126F1 /* FeedbackViewControllerTests.swift in Sources */,
				F68088EA2018B521008DE368 /* DownloadUpdateInteractorTests.swift in Sources */,
				F6587AB920346ABB00B1A87F /* UpdateModelTests.swift in Sources */,
				F68088EE2018C208008DE368 /* DownloadUpdateInteractorInputSpy.swift in Sources */,
				F61B90C2207F560F006593AA /* ShowFeedbackStatusInteractorSpy.swift in Sources */,
				F6C5B79D2074CF4C0034B38D /* TriggerFeedbackInteractorTests.swift in Sources */,
				F6C5B79B2074CDCE0034B38D /* TriggerFeedbackInteractorSpy.swift in Sources */,
				F644BD27207CD084003126F1 /* FeedbackPresenterTests.swift in Sources */,
				F6292025203D7FE700EB694C /* DisplayAlertInteractorSpy.swift in Sources */,
				F65A33F820F61BDD0061E899 /* LoadFontsInteractorSpy.swift in Sources */,
				F602F77F2017563E00B7487A /* CheckUpdateInteractorTests.swift in Sources */,
			);
			runOnlyForDeploymentPostprocessing = 0;
		};
/* End PBXSourcesBuildPhase section */

/* Begin PBXTargetDependency section */
		F6F5A67C2015D70D009AFF2B /* PBXTargetDependency */ = {
			isa = PBXTargetDependency;
			target = F6F5A66F2015D70D009AFF2B /* Updraft */;
			targetProxy = F6F5A67B2015D70D009AFF2B /* PBXContainerItemProxy */;
		};
/* End PBXTargetDependency section */

/* Begin PBXVariantGroup section */
		F6C47A5D2129593800F551CE /* Localizable.strings */ = {
			isa = PBXVariantGroup;
			children = (
				F6C47A5C2129593800F551CE /* en */,
			);
			name = Localizable.strings;
			sourceTree = "<group>";
		};
/* End PBXVariantGroup section */

/* Begin XCBuildConfiguration section */
		F6F5A6822015D70D009AFF2B /* Debug */ = {
			isa = XCBuildConfiguration;
			buildSettings = {
				ALWAYS_SEARCH_USER_PATHS = NO;
				CLANG_ANALYZER_NONNULL = YES;
				CLANG_ANALYZER_NUMBER_OBJECT_CONVERSION = YES_AGGRESSIVE;
				CLANG_CXX_LANGUAGE_STANDARD = "gnu++14";
				CLANG_CXX_LIBRARY = "libc++";
				CLANG_ENABLE_MODULES = YES;
				CLANG_ENABLE_OBJC_ARC = YES;
				CLANG_WARN_BLOCK_CAPTURE_AUTORELEASING = YES;
				CLANG_WARN_BOOL_CONVERSION = YES;
				CLANG_WARN_COMMA = YES;
				CLANG_WARN_CONSTANT_CONVERSION = YES;
				CLANG_WARN_DEPRECATED_OBJC_IMPLEMENTATIONS = YES;
				CLANG_WARN_DIRECT_OBJC_ISA_USAGE = YES_ERROR;
				CLANG_WARN_DOCUMENTATION_COMMENTS = YES;
				CLANG_WARN_EMPTY_BODY = YES;
				CLANG_WARN_ENUM_CONVERSION = YES;
				CLANG_WARN_INFINITE_RECURSION = YES;
				CLANG_WARN_INT_CONVERSION = YES;
				CLANG_WARN_NON_LITERAL_NULL_CONVERSION = YES;
				CLANG_WARN_OBJC_IMPLICIT_RETAIN_SELF = YES;
				CLANG_WARN_OBJC_LITERAL_CONVERSION = YES;
				CLANG_WARN_OBJC_ROOT_CLASS = YES_ERROR;
				CLANG_WARN_RANGE_LOOP_ANALYSIS = YES;
				CLANG_WARN_STRICT_PROTOTYPES = YES;
				CLANG_WARN_SUSPICIOUS_MOVE = YES;
				CLANG_WARN_UNGUARDED_AVAILABILITY = YES_AGGRESSIVE;
				CLANG_WARN_UNREACHABLE_CODE = YES;
				CLANG_WARN__DUPLICATE_METHOD_MATCH = YES;
				CODE_SIGN_IDENTITY = "iPhone Developer";
				COPY_PHASE_STRIP = NO;
				CURRENT_PROJECT_VERSION = 1;
				DEBUG_INFORMATION_FORMAT = dwarf;
				ENABLE_STRICT_OBJC_MSGSEND = YES;
				ENABLE_TESTABILITY = YES;
				GCC_C_LANGUAGE_STANDARD = gnu11;
				GCC_DYNAMIC_NO_PIC = NO;
				GCC_NO_COMMON_BLOCKS = YES;
				GCC_OPTIMIZATION_LEVEL = 0;
				GCC_PREPROCESSOR_DEFINITIONS = (
					"DEBUG=1",
					"$(inherited)",
				);
				GCC_WARN_64_TO_32_BIT_CONVERSION = YES;
				GCC_WARN_ABOUT_RETURN_TYPE = YES_ERROR;
				GCC_WARN_UNDECLARED_SELECTOR = YES;
				GCC_WARN_UNINITIALIZED_AUTOS = YES_AGGRESSIVE;
				GCC_WARN_UNUSED_FUNCTION = YES;
				GCC_WARN_UNUSED_VARIABLE = YES;
				IPHONEOS_DEPLOYMENT_TARGET = 10.0;
				MTL_ENABLE_DEBUG_INFO = YES;
				ONLY_ACTIVE_ARCH = YES;
				SDKROOT = iphoneos;
				SWIFT_ACTIVE_COMPILATION_CONDITIONS = DEBUG;
				SWIFT_OPTIMIZATION_LEVEL = "-Onone";
				VERSIONING_SYSTEM = "apple-generic";
				VERSION_INFO_PREFIX = "";
			};
			name = Debug;
		};
		F6F5A6832015D70D009AFF2B /* Release */ = {
			isa = XCBuildConfiguration;
			buildSettings = {
				ALWAYS_SEARCH_USER_PATHS = NO;
				CLANG_ANALYZER_NONNULL = YES;
				CLANG_ANALYZER_NUMBER_OBJECT_CONVERSION = YES_AGGRESSIVE;
				CLANG_CXX_LANGUAGE_STANDARD = "gnu++14";
				CLANG_CXX_LIBRARY = "libc++";
				CLANG_ENABLE_MODULES = YES;
				CLANG_ENABLE_OBJC_ARC = YES;
				CLANG_WARN_BLOCK_CAPTURE_AUTORELEASING = YES;
				CLANG_WARN_BOOL_CONVERSION = YES;
				CLANG_WARN_COMMA = YES;
				CLANG_WARN_CONSTANT_CONVERSION = YES;
				CLANG_WARN_DEPRECATED_OBJC_IMPLEMENTATIONS = YES;
				CLANG_WARN_DIRECT_OBJC_ISA_USAGE = YES_ERROR;
				CLANG_WARN_DOCUMENTATION_COMMENTS = YES;
				CLANG_WARN_EMPTY_BODY = YES;
				CLANG_WARN_ENUM_CONVERSION = YES;
				CLANG_WARN_INFINITE_RECURSION = YES;
				CLANG_WARN_INT_CONVERSION = YES;
				CLANG_WARN_NON_LITERAL_NULL_CONVERSION = YES;
				CLANG_WARN_OBJC_IMPLICIT_RETAIN_SELF = YES;
				CLANG_WARN_OBJC_LITERAL_CONVERSION = YES;
				CLANG_WARN_OBJC_ROOT_CLASS = YES_ERROR;
				CLANG_WARN_RANGE_LOOP_ANALYSIS = YES;
				CLANG_WARN_STRICT_PROTOTYPES = YES;
				CLANG_WARN_SUSPICIOUS_MOVE = YES;
				CLANG_WARN_UNGUARDED_AVAILABILITY = YES_AGGRESSIVE;
				CLANG_WARN_UNREACHABLE_CODE = YES;
				CLANG_WARN__DUPLICATE_METHOD_MATCH = YES;
				CODE_SIGN_IDENTITY = "iPhone Developer";
				COPY_PHASE_STRIP = NO;
				CURRENT_PROJECT_VERSION = 1;
				DEBUG_INFORMATION_FORMAT = "dwarf-with-dsym";
				ENABLE_NS_ASSERTIONS = NO;
				ENABLE_STRICT_OBJC_MSGSEND = YES;
				GCC_C_LANGUAGE_STANDARD = gnu11;
				GCC_NO_COMMON_BLOCKS = YES;
				GCC_WARN_64_TO_32_BIT_CONVERSION = YES;
				GCC_WARN_ABOUT_RETURN_TYPE = YES_ERROR;
				GCC_WARN_UNDECLARED_SELECTOR = YES;
				GCC_WARN_UNINITIALIZED_AUTOS = YES_AGGRESSIVE;
				GCC_WARN_UNUSED_FUNCTION = YES;
				GCC_WARN_UNUSED_VARIABLE = YES;
				IPHONEOS_DEPLOYMENT_TARGET = 10.0;
				MTL_ENABLE_DEBUG_INFO = NO;
				SDKROOT = iphoneos;
				SWIFT_OPTIMIZATION_LEVEL = "-Owholemodule";
				VALIDATE_PRODUCT = YES;
				VERSIONING_SYSTEM = "apple-generic";
				VERSION_INFO_PREFIX = "";
			};
			name = Release;
		};
		F6F5A6852015D70D009AFF2B /* Debug */ = {
			isa = XCBuildConfiguration;
			buildSettings = {
				CLANG_ENABLE_MODULES = YES;
				CODE_SIGN_IDENTITY = "";
				CODE_SIGN_STYLE = Automatic;
				DEFINES_MODULE = YES;
				DEVELOPMENT_TEAM = FHBCXKRNYR;
				DYLIB_COMPATIBILITY_VERSION = 1;
				DYLIB_CURRENT_VERSION = 1;
				DYLIB_INSTALL_NAME_BASE = "@rpath";
				INFOPLIST_FILE = Updraft/Info.plist;
				INSTALL_PATH = "$(LOCAL_LIBRARY_DIR)/Frameworks";
				IPHONEOS_DEPLOYMENT_TARGET = 10.0;
				LD_RUNPATH_SEARCH_PATHS = "$(inherited) @executable_path/Frameworks @loader_path/Frameworks";
				PRODUCT_BUNDLE_IDENTIFIER = Raph.Updraft;
				PRODUCT_NAME = "$(TARGET_NAME:c99extidentifier)";
				SKIP_INSTALL = YES;
				SWIFT_OPTIMIZATION_LEVEL = "-Onone";
				SWIFT_VERSION = 5.0;
				TARGETED_DEVICE_FAMILY = "1,2";
			};
			name = Debug;
		};
		F6F5A6862015D70D009AFF2B /* Release */ = {
			isa = XCBuildConfiguration;
			buildSettings = {
				CLANG_ENABLE_MODULES = YES;
				CODE_SIGN_IDENTITY = "";
				CODE_SIGN_STYLE = Automatic;
				DEFINES_MODULE = YES;
				DEVELOPMENT_TEAM = FHBCXKRNYR;
				DYLIB_COMPATIBILITY_VERSION = 1;
				DYLIB_CURRENT_VERSION = 1;
				DYLIB_INSTALL_NAME_BASE = "@rpath";
				INFOPLIST_FILE = Updraft/Info.plist;
				INSTALL_PATH = "$(LOCAL_LIBRARY_DIR)/Frameworks";
				IPHONEOS_DEPLOYMENT_TARGET = 10.0;
				LD_RUNPATH_SEARCH_PATHS = "$(inherited) @executable_path/Frameworks @loader_path/Frameworks";
				PRODUCT_BUNDLE_IDENTIFIER = Raph.Updraft;
				PRODUCT_NAME = "$(TARGET_NAME:c99extidentifier)";
				SKIP_INSTALL = YES;
				SWIFT_VERSION = 5.0;
				TARGETED_DEVICE_FAMILY = "1,2";
			};
			name = Release;
		};
		F6F5A6882015D70D009AFF2B /* Debug */ = {
			isa = XCBuildConfiguration;
			buildSettings = {
				ALWAYS_EMBED_SWIFT_STANDARD_LIBRARIES = YES;
				CODE_SIGN_STYLE = Automatic;
				DEVELOPMENT_TEAM = 6EMM22S2YK;
				INFOPLIST_FILE = UpdraftTests/Info.plist;
				LD_RUNPATH_SEARCH_PATHS = "$(inherited) @executable_path/Frameworks @loader_path/Frameworks";
				PRODUCT_BUNDLE_IDENTIFIER = Raph.UpdraftTests;
				PRODUCT_NAME = "$(TARGET_NAME)";
				SWIFT_VERSION = 5.0;
				TARGETED_DEVICE_FAMILY = "1,2";
			};
			name = Debug;
		};
		F6F5A6892015D70D009AFF2B /* Release */ = {
			isa = XCBuildConfiguration;
			buildSettings = {
				ALWAYS_EMBED_SWIFT_STANDARD_LIBRARIES = YES;
				CODE_SIGN_STYLE = Automatic;
				DEVELOPMENT_TEAM = 6EMM22S2YK;
				INFOPLIST_FILE = UpdraftTests/Info.plist;
				LD_RUNPATH_SEARCH_PATHS = "$(inherited) @executable_path/Frameworks @loader_path/Frameworks";
				PRODUCT_BUNDLE_IDENTIFIER = Raph.UpdraftTests;
				PRODUCT_NAME = "$(TARGET_NAME)";
				SWIFT_VERSION = 5.0;
				TARGETED_DEVICE_FAMILY = "1,2";
			};
			name = Release;
		};
/* End XCBuildConfiguration section */

/* Begin XCConfigurationList section */
		F6F5A66A2015D70D009AFF2B /* Build configuration list for PBXProject "Updraft" */ = {
			isa = XCConfigurationList;
			buildConfigurations = (
				F6F5A6822015D70D009AFF2B /* Debug */,
				F6F5A6832015D70D009AFF2B /* Release */,
			);
			defaultConfigurationIsVisible = 0;
			defaultConfigurationName = Release;
		};
		F6F5A6842015D70D009AFF2B /* Build configuration list for PBXNativeTarget "Updraft" */ = {
			isa = XCConfigurationList;
			buildConfigurations = (
				F6F5A6852015D70D009AFF2B /* Debug */,
				F6F5A6862015D70D009AFF2B /* Release */,
			);
			defaultConfigurationIsVisible = 0;
			defaultConfigurationName = Release;
		};
		F6F5A6872015D70D009AFF2B /* Build configuration list for PBXNativeTarget "UpdraftTests" */ = {
			isa = XCConfigurationList;
			buildConfigurations = (
				F6F5A6882015D70D009AFF2B /* Debug */,
				F6F5A6892015D70D009AFF2B /* Release */,
			);
			defaultConfigurationIsVisible = 0;
			defaultConfigurationName = Release;
		};
/* End XCConfigurationList section */
	};
	rootObject = F6F5A6672015D70D009AFF2B /* Project object */;
}
